
Microsoft Visual Studio Solution File, Format Version 12.00
# Visual Studio Version 16
VisualStudioVersion = 16.0.33801.447
MinimumVisualStudioVersion = 10.0.40219.1
Project("{FAE04EC0-301F-11D3-BF4B-00C04F79EFBC}") = "PM01-4ISIP520_kRUSHENITSKY", "MeropriatiyaKrush\PM01-4ISIP520_kRUSHENITSKY.csproj", "{78BFD98F-8FD9-4073-9767-A27ADA3BA8C5}"
EndProject
Global
	GlobalSection(SolutionConfigurationPlatforms) = preSolution
		Debug|Any CPU = Debug|Any CPU
		Release|Any CPU = Release|Any CPU
	EndGlobalSection
	GlobalSection(ProjectConfigurationPlatforms) = postSolution
		{78BFD98F-8FD9-4073-9767-A27ADA3BA8C5}.Debug|Any CPU.ActiveCfg = Debug|Any CPU
		{78BFD98F-8FD9-4073-9767-A27ADA3BA8C5}.Debug|Any CPU.Build.0 = Debug|Any CPU
		{78BFD98F-8FD9-4073-9767-A27ADA3BA8C5}.Release|Any CPU.ActiveCfg = Release|Any CPU
		{78BFD98F-8FD9-4073-9767-A27ADA3BA8C5}.Release|Any CPU.Build.0 = Release|Any CPU
	EndGlobalSection
	GlobalSection(SolutionProperties) = preSolution
		HideSolutionNode = FALSE
	EndGlobalSection
	GlobalSection(ExtensibilityGlobals) = postSolution
		SolutionGuid = {FB3A01E2-7479-403C-8A71-1591336A4F87}
	EndGlobalSection
EndGlobal
